PODS:
  - Alamofire (4.7.2)
  - CryptoSwift (0.9.0)
  - SwiftBaas (0.0.1):
    - Alamofire (~> 4.7)
    - CryptoSwift (~> 0.9)

DEPENDENCIES:
  - SwiftBaas (from `../`)

SPEC REPOS:
  https://github.com/cocoapods/specs.git:
    - Alamofire
    - CryptoSwift

EXTERNAL SOURCES:
  SwiftBaas:
    :path: "../"

SPEC CHECKSUMS:
  Alamofire: e4fa87002c137ba2d8d634d2c51fabcda0d5c223
  CryptoSwift: bca8c5b653dcc2d9734409242a070ff53bafac86
  SwiftBaas: acb6368a8be3c3cb38e7e17cc964704a83839fc8

PODFILE CHECKSUM: 166fb06db5993113c0721df1cd4a5c30c848c4ee

COCOAPODS: 1.5.3
